
Microsoft Visual Studio Solution File, Format Version 12.00
# Visual Studio Version 17
VisualStudioVersion = 17.0.32112.339
MinimumVisualStudioVersion = 10.0.40219.1
Project("{2150E333-8FDC-42A3-9474-1A3956D46DE8}") = "src", "src", "{052CC9AC-3EDB-4FAC-BB3C-0483F1A8E376}"
EndProject
Project("{9A19103F-16F7-4668-BE54-9A1E7A4F7556}") = "API", "src\Battleship.API\API.csproj", "{071E4A9E-C0A9-4070-8FA6-723EAD592C1E}"
EndProject
Project("{9A19103F-16F7-4668-BE54-9A1E7A4F7556}") = "Application", "src\Battleship.Application\Application.csproj", "{AB04D1BE-0342-4826-8765-64730C8EDCB7}"
EndProject
Project("{9A19103F-16F7-4668-BE54-9A1E7A4F7556}") = "Application.Common", "src\Battleship.Application.Common\Application.Common.csproj", "{025F5B3B-AAE9-4071-94B3-58DE5B34EB89}"
EndProject
Project("{9A19103F-16F7-4668-BE54-9A1E7A4F7556}") = "Domain", "src\Battleship.Domain\Domain.csproj", "{C3B9D3E0-A469-4245-9F36-E4968DCD195A}"
EndProject
Project("{9A19103F-16F7-4668-BE54-9A1E7A4F7556}") = "Infrastructure", "src\Battleship.Infrastructure\Infrastructure.csproj", "{3E2A24A5-304E-4A44-8B6E-1F10CA131255}"
EndProject
Global
	GlobalSection(SolutionConfigurationPlatforms) = preSolution
		Debug|Any CPU = Debug|Any CPU
		Release|Any CPU = Release|Any CPU
	EndGlobalSection
	GlobalSection(ProjectConfigurationPlatforms) = postSolution
		{071E4A9E-C0A9-4070-8FA6-723EAD592C1E}.Debug|Any CPU.ActiveCfg = Debug|Any CPU
		{071E4A9E-C0A9-4070-8FA6-723EAD592C1E}.Debug|Any CPU.Build.0 = Debug|Any CPU
		{071E4A9E-C0A9-4070-8FA6-723EAD592C1E}.Release|Any CPU.ActiveCfg = Release|Any CPU
		{071E4A9E-C0A9-4070-8FA6-723EAD592C1E}.Release|Any CPU.Build.0 = Release|Any CPU
		{AB04D1BE-0342-4826-8765-64730C8EDCB7}.Debug|Any CPU.ActiveCfg = Debug|Any CPU
		{AB04D1BE-0342-4826-8765-64730C8EDCB7}.Debug|Any CPU.Build.0 = Debug|Any CPU
		{AB04D1BE-0342-4826-8765-64730C8EDCB7}.Release|Any CPU.ActiveCfg = Release|Any CPU
		{AB04D1BE-0342-4826-8765-64730C8EDCB7}.Release|Any CPU.Build.0 = Release|Any CPU
		{025F5B3B-AAE9-4071-94B3-58DE5B34EB89}.Debug|Any CPU.ActiveCfg = Debug|Any CPU
		{025F5B3B-AAE9-4071-94B3-58DE5B34EB89}.Debug|Any CPU.Build.0 = Debug|Any CPU
		{025F5B3B-AAE9-4071-94B3-58DE5B34EB89}.Release|Any CPU.ActiveCfg = Release|Any CPU
		{025F5B3B-AAE9-4071-94B3-58DE5B34EB89}.Release|Any CPU.Build.0 = Release|Any CPU
		{C3B9D3E0-A469-4245-9F36-E4968DCD195A}.Debug|Any CPU.ActiveCfg = Debug|Any CPU
		{C3B9D3E0-A469-4245-9F36-E4968DCD195A}.Debug|Any CPU.Build.0 = Debug|Any CPU
		{C3B9D3E0-A469-4245-9F36-E4968DCD195A}.Release|Any CPU.ActiveCfg = Release|Any CPU
		{C3B9D3E0-A469-4245-9F36-E4968DCD195A}.Release|Any CPU.Build.0 = Release|Any CPU
		{3E2A24A5-304E-4A44-8B6E-1F10CA131255}.Debug|Any CPU.ActiveCfg = Debug|Any CPU
		{3E2A24A5-304E-4A44-8B6E-1F10CA131255}.Debug|Any CPU.Build.0 = Debug|Any CPU
		{3E2A24A5-304E-4A44-8B6E-1F10CA131255}.Release|Any CPU.ActiveCfg = Release|Any CPU
		{3E2A24A5-304E-4A44-8B6E-1F10CA131255}.Release|Any CPU.Build.0 = Release|Any CPU
	EndGlobalSection
	GlobalSection(SolutionProperties) = preSolution
		HideSolutionNode = FALSE
	EndGlobalSection
	GlobalSection(NestedProjects) = preSolution
		{071E4A9E-C0A9-4070-8FA6-723EAD592C1E} = {052CC9AC-3EDB-4FAC-BB3C-0483F1A8E376}
		{AB04D1BE-0342-4826-8765-64730C8EDCB7} = {052CC9AC-3EDB-4FAC-BB3C-0483F1A8E376}
		{025F5B3B-AAE9-4071-94B3-58DE5B34EB89} = {052CC9AC-3EDB-4FAC-BB3C-0483F1A8E376}
		{C3B9D3E0-A469-4245-9F36-E4968DCD195A} = {052CC9AC-3EDB-4FAC-BB3C-0483F1A8E376}
		{3E2A24A5-304E-4A44-8B6E-1F10CA131255} = {052CC9AC-3EDB-4FAC-BB3C-0483F1A8E376}
	EndGlobalSection
	GlobalSection(ExtensibilityGlobals) = postSolution
		SolutionGuid = {F5409691-9390-47A7-8A2D-1AA5A8213F5B}
	EndGlobalSection
EndGlobal
