
Microsoft Visual Studio Solution File, Format Version 12.00
# Visual Studio Version 17
VisualStudioVersion = 17.0.32112.339
MinimumVisualStudioVersion = 10.0.40219.1
Project("{2150E333-8FDC-42A3-9474-1A3956D46DE8}") = "src", "src", "{052CC9AC-3EDB-4FAC-BB3C-0483F1A8E376}"
EndProject
Project("{9A19103F-16F7-4668-BE54-9A1E7A4F7556}") = "API", "..\Battleship\src\Battleship.API\API.csproj", "{84C80BB5-AE6A-4F5F-9678-782314AC0225}"
EndProject
Project("{9A19103F-16F7-4668-BE54-9A1E7A4F7556}") = "Application", "..\Battleship\src\Battleship.Application\Application.csproj", "{AEB710F3-3C37-4F9C-A665-24D77D622573}"
EndProject
Project("{9A19103F-16F7-4668-BE54-9A1E7A4F7556}") = "Application.Common", "..\Battleship\src\Battleship.Application.Common\Application.Common.csproj", "{23523AD3-40E9-49CD-AAA2-69EAA229AAE4}"
EndProject
Project("{9A19103F-16F7-4668-BE54-9A1E7A4F7556}") = "Domain", "..\Battleship\src\Battleship.Domain\Domain.csproj", "{7E674C89-EB73-4E86-B792-A6437AC3F2A3}"
EndProject
Project("{9A19103F-16F7-4668-BE54-9A1E7A4F7556}") = "Infrastructure", "..\Battleship\src\Battleship.Infrastructure\Infrastructure.csproj", "{29A6EB30-6A5B-44F9-898B-A87165531145}"
EndProject
Global
	GlobalSection(SolutionConfigurationPlatforms) = preSolution
		Debug|Any CPU = Debug|Any CPU
		Release|Any CPU = Release|Any CPU
	EndGlobalSection
	GlobalSection(ProjectConfigurationPlatforms) = postSolution
		{84C80BB5-AE6A-4F5F-9678-782314AC0225}.Debug|Any CPU.ActiveCfg = Debug|Any CPU
		{84C80BB5-AE6A-4F5F-9678-782314AC0225}.Debug|Any CPU.Build.0 = Debug|Any CPU
		{84C80BB5-AE6A-4F5F-9678-782314AC0225}.Release|Any CPU.ActiveCfg = Release|Any CPU
		{84C80BB5-AE6A-4F5F-9678-782314AC0225}.Release|Any CPU.Build.0 = Release|Any CPU
		{AEB710F3-3C37-4F9C-A665-24D77D622573}.Debug|Any CPU.ActiveCfg = Debug|Any CPU
		{AEB710F3-3C37-4F9C-A665-24D77D622573}.Debug|Any CPU.Build.0 = Debug|Any CPU
		{AEB710F3-3C37-4F9C-A665-24D77D622573}.Release|Any CPU.ActiveCfg = Release|Any CPU
		{AEB710F3-3C37-4F9C-A665-24D77D622573}.Release|Any CPU.Build.0 = Release|Any CPU
		{23523AD3-40E9-49CD-AAA2-69EAA229AAE4}.Debug|Any CPU.ActiveCfg = Debug|Any CPU
		{23523AD3-40E9-49CD-AAA2-69EAA229AAE4}.Debug|Any CPU.Build.0 = Debug|Any CPU
		{23523AD3-40E9-49CD-AAA2-69EAA229AAE4}.Release|Any CPU.ActiveCfg = Release|Any CPU
		{23523AD3-40E9-49CD-AAA2-69EAA229AAE4}.Release|Any CPU.Build.0 = Release|Any CPU
		{7E674C89-EB73-4E86-B792-A6437AC3F2A3}.Debug|Any CPU.ActiveCfg = Debug|Any CPU
		{7E674C89-EB73-4E86-B792-A6437AC3F2A3}.Debug|Any CPU.Build.0 = Debug|Any CPU
		{7E674C89-EB73-4E86-B792-A6437AC3F2A3}.Release|Any CPU.ActiveCfg = Release|Any CPU
		{7E674C89-EB73-4E86-B792-A6437AC3F2A3}.Release|Any CPU.Build.0 = Release|Any CPU
		{29A6EB30-6A5B-44F9-898B-A87165531145}.Debug|Any CPU.ActiveCfg = Debug|Any CPU
		{29A6EB30-6A5B-44F9-898B-A87165531145}.Debug|Any CPU.Build.0 = Debug|Any CPU
		{29A6EB30-6A5B-44F9-898B-A87165531145}.Release|Any CPU.ActiveCfg = Release|Any CPU
		{29A6EB30-6A5B-44F9-898B-A87165531145}.Release|Any CPU.Build.0 = Release|Any CPU
	EndGlobalSection
	GlobalSection(SolutionProperties) = preSolution
		HideSolutionNode = FALSE
	EndGlobalSection
	GlobalSection(NestedProjects) = preSolution
		{84C80BB5-AE6A-4F5F-9678-782314AC0225} = {052CC9AC-3EDB-4FAC-BB3C-0483F1A8E376}
		{AEB710F3-3C37-4F9C-A665-24D77D622573} = {052CC9AC-3EDB-4FAC-BB3C-0483F1A8E376}
		{23523AD3-40E9-49CD-AAA2-69EAA229AAE4} = {052CC9AC-3EDB-4FAC-BB3C-0483F1A8E376}
		{7E674C89-EB73-4E86-B792-A6437AC3F2A3} = {052CC9AC-3EDB-4FAC-BB3C-0483F1A8E376}
		{29A6EB30-6A5B-44F9-898B-A87165531145} = {052CC9AC-3EDB-4FAC-BB3C-0483F1A8E376}
	EndGlobalSection
	GlobalSection(ExtensibilityGlobals) = postSolution
		SolutionGuid = {F5409691-9390-47A7-8A2D-1AA5A8213F5B}
	EndGlobalSection
EndGlobal
